// !$*UTF8*$!
{
	archiveVersion = 1;
	classes = {
	};
	objectVersion = 77;
	objects = {

/* Begin PBXBuildFile section */
		00323EE801E9337CBCF65380 /* CreateTaskTest.swift in Sources */ = {isa = PBXBuildFile; fileRef = 8E7DCCD15363CB367DF62FD4 /* CreateTaskTest.swift */; };
		04107C5BD4D88D6EB7AD61B3 /* DemoApp.swift in Sources */ = {isa = PBXBuildFile; fileRef = 74A1528AE3059C1CA4E15132 /* DemoApp.swift */; };
		0A521E3DE4A39B1296545E03 /* TaskDetailIntegrationTests.swift in Sources */ = {isa = PBXBuildFile; fileRef = 379FD7D7830309FB443CEEF7 /* TaskDetailIntegrationTests.swift */; };
		0CB72A94032130429779FD9D /* URLSessionTaskAPI.swift in Sources */ = {isa = PBXBuildFile; fileRef = CA9CED923C088B0D1FBDB477 /* URLSessionTaskAPI.swift */; };
		0D6BED31794FD3AAE7D79C30 /* AppLocale.swift in Sources */ = {isa = PBXBuildFile; fileRef = 3941138B61C7C0E80BDD6FE0 /* AppLocale.swift */; };
		15F3B9A80281B787F8D25549 /* ScreenTestSupport.swift in Sources */ = {isa = PBXBuildFile; fileRef = 882B3C5353FD4C0EC0A790BF /* ScreenTestSupport.swift */; };
		19891F44D73DB01616F65439 /* IntegrationFailureCases.swift in Sources */ = {isa = PBXBuildFile; fileRef = B1503A23F00061EB2487B855 /* IntegrationFailureCases.swift */; };
		1A7AE2FEC19D65F7344D3AA5 /* ViewHostingTestSupport.swift in Sources */ = {isa = PBXBuildFile; fileRef = B6C8BF32D96156CBBF6B766B /* ViewHostingTestSupport.swift */; };
		1C51BFA786354EF791B0F785 /* TaskAPI.swift in Sources */ = {isa = PBXBuildFile; fileRef = 61AC429B6C4173EB17F98DA5 /* TaskAPI.swift */; };
		1E1C0EB4FE01BD958394035A /* TaskListView.swift in Sources */ = {isa = PBXBuildFile; fileRef = F2DBC734B637B4D0FDBE7AEC /* TaskListView.swift */; };
		1F408A5179352ED9F447B24F /* TaskStatus.swift in Sources */ = {isa = PBXBuildFile; fileRef = 31838341638EAF59FE133098 /* TaskStatus.swift */; };
		21856EAB74DEC235DEBC6472 /* LanguageIntegrationTests.swift in Sources */ = {isa = PBXBuildFile; fileRef = 04E35C10F504B4EA22FF7800 /* LanguageIntegrationTests.swift */; };
		295A675686A879E3EB3EDFD9 /* TasksUpdatePactTests.swift in Sources */ = {isa = PBXBuildFile; fileRef = A4A528544807E019ABB43827 /* TasksUpdatePactTests.swift */; };
		2A4AA1C3A0F0EDF74312BB7F /* TaskFormViewModel.swift in Sources */ = {isa = PBXBuildFile; fileRef = AFA2BDF8DAF3E963D73F5EBD /* TaskFormViewModel.swift */; };
		326BA1C0AE629E84C0889AA6 /* PullToRefreshIntegrationTests.swift in Sources */ = {isa = PBXBuildFile; fileRef = C3798E69A7313E8704DD69F3 /* PullToRefreshIntegrationTests.swift */; };
		3470F29DBC874051F76C02D2 /* TaskTestContext.swift in Sources */ = {isa = PBXBuildFile; fileRef = 549DDED1C696CB3E0BCDB9C9 /* TaskTestContext.swift */; };
		417693E4BB1289D6485EB54D /* TasksCreatePactTests.swift in Sources */ = {isa = PBXBuildFile; fileRef = 1D9C9AE7FDFE7A8DA62B0799 /* TasksCreatePactTests.swift */; };
		44DBBD1910408CF9F6E43703 /* TaskListScreenTests.swift in Sources */ = {isa = PBXBuildFile; fileRef = AAE19196214A91F4C294DF5A /* TaskListScreenTests.swift */; };
		4546D2EC116A4CB2798D36BA /* IntegrationHarness.swift in Sources */ = {isa = PBXBuildFile; fileRef = 3F0DB5BE610F91A49657E0BC /* IntegrationHarness.swift */; };
		538D3B07F4AE707B4868FE79 /* LanguageSwitcher.swift in Sources */ = {isa = PBXBuildFile; fileRef = AD0BB41A73EAA3680C75C5CB /* LanguageSwitcher.swift */; };
		551BFF86FB091911F1F9B249 /* TaskFixtures.swift in Sources */ = {isa = PBXBuildFile; fileRef = F1062ADEDE635F9265822A53 /* TaskFixtures.swift */; };
		5856A505D7DC237B1B14D35E /* TaskLabels.swift in Sources */ = {isa = PBXBuildFile; fileRef = 09D060B5744E40389C53854E /* TaskLabels.swift */; };
		614160E7D5358CC07572DF73 /* TaskChips.swift in Sources */ = {isa = PBXBuildFile; fileRef = 1E55B5193B1F0F7E4448F666 /* TaskChips.swift */; };
		61F80817F02D5EFA83DC95BB /* ErrorBodyParser.swift in Sources */ = {isa = PBXBuildFile; fileRef = 5132F8133401200CA6F816D8 /* ErrorBodyParser.swift */; };
		68ECFA72AAA76955481D7737 /* AppConfiguration.swift in Sources */ = {isa = PBXBuildFile; fileRef = 73B1A3F961CA550DAB984328 /* AppConfiguration.swift */; };
		6A28D2646C6CE89EAC0917CE /* MainPage.swift in Sources */ = {isa = PBXBuildFile; fileRef = E42B7F92FAFA4726360B7E58 /* MainPage.swift */; };
		6B8663C008437998289C738E /* TaskDetailView.swift in Sources */ = {isa = PBXBuildFile; fileRef = C802CA8758E08C4578DF5D0D /* TaskDetailView.swift */; };
		708744A03035236721A802EF /* Assets.xcassets in Resources */ = {isa = PBXBuildFile; fileRef = 1BCEB2822BF18DB08EC8AA3E /* Assets.xcassets */; };
		76A73DB641505268FA250BF8 /* StubURLProtocol.swift in Sources */ = {isa = PBXBuildFile; fileRef = 249474590FEC5071309106D7 /* StubURLProtocol.swift */; };
		7753757C430809509A0CB75A /* CreateTaskIntegrationTests.swift in Sources */ = {isa = PBXBuildFile; fileRef = 18E7D7B6029D54CC05C808D1 /* CreateTaskIntegrationTests.swift */; };
		7808696AD6A7D6CAC47A8689 /* DemoNavigation.swift in Sources */ = {isa = PBXBuildFile; fileRef = DF611CEBBA6D65A5541EA1F7 /* DemoNavigation.swift */; };
		7E2D2DEC9F259CC6D7C1A9BF /* MockedBackendTestBase.swift in Sources */ = {isa = PBXBuildFile; fileRef = E80E23C3AF89E4B770DA5181 /* MockedBackendTestBase.swift */; };
		895464CD8ECFFC95FEB31DAD /* TaskListViewModel.swift in Sources */ = {isa = PBXBuildFile; fileRef = BD20D3505686833346BA9E38 /* TaskListViewModel.swift */; };
		89F999E37CCA4CE6A74920D4 /* Theme.swift in Sources */ = {isa = PBXBuildFile; fileRef = C9CE69544DF73F8FA8DFE53F /* Theme.swift */; };
		8B78ED9C2954F87C1EA4BBB3 /* AppConfigurationTests.swift in Sources */ = {isa = PBXBuildFile; fileRef = 2E4D85A6A1CD24EBB97E3325 /* AppConfigurationTests.swift */; };
		8BD1FA54D846EBDEF2A49A52 /* ViewInspector in Frameworks */ = {isa = PBXBuildFile; productRef = E9D31B64EBE08402F5129B09 /* ViewInspector */; };
		9034F6FF113408E49AEF95F6 /* TaskDateFormatter.swift in Sources */ = {isa = PBXBuildFile; fileRef = 38E9619280E6953FA8A5A2D0 /* TaskDateFormatter.swift */; };
		9861047281C70B9EA9C01655 /* AppLocaleTests.swift in Sources */ = {isa = PBXBuildFile; fileRef = 9DAE721BB395B2DD384F13A9 /* AppLocaleTests.swift */; };
		99261BBF1829B521DBFCE72B /* TaskRepository.swift in Sources */ = {isa = PBXBuildFile; fileRef = 22C20589B26B9A841D033ACB /* TaskRepository.swift */; };
		9A525CCD3A7B4B20FEE2B5CA /* PactSwift in Frameworks */ = {isa = PBXBuildFile; productRef = F1267E046A4C0593820AF8D4 /* PactSwift */; };
		A273F2CFC6BF55762E251337 /* DemoAppThemeScreenTests.swift in Sources */ = {isa = PBXBuildFile; fileRef = 0669844B6FF7A66633374DDE /* DemoAppThemeScreenTests.swift */; };
		A311C20AF06FA515E777BB80 /* TaskListIntegrationTests.swift in Sources */ = {isa = PBXBuildFile; fileRef = BCC2A3ED408A6021B67EBBF3 /* TaskListIntegrationTests.swift */; };
		A37A9D68B0E204AF793CB5FC /* LanguageOption.swift in Sources */ = {isa = PBXBuildFile; fileRef = BBA84E41AF15972D5B6C7DBB /* LanguageOption.swift */; };
		A5789D491DD437A2F9598BC9 /* TasksGetByIdPactTests.swift in Sources */ = {isa = PBXBuildFile; fileRef = C4E4D1EE7954BFE7A0756AF1 /* TasksGetByIdPactTests.swift */; };
		A69127A3AF79FF8143A9F798 /* IntegrationMockServer.swift in Sources */ = {isa = PBXBuildFile; fileRef = 758692427D1A1FF6C5B195C4 /* IntegrationMockServer.swift */; };
		A87BA45113185D929285D2EE /* Task.swift in Sources */ = {isa = PBXBuildFile; fileRef = B50752D01C4A84988896C270 /* Task.swift */; };
		B1D6B0D1B90983ACF75337F9 /* PactFixtures.swift in Sources */ = {isa = PBXBuildFile; fileRef = 0146F60841B398D1D4338B8B /* PactFixtures.swift */; };
		B422EF83905A7533865C0EF3 /* View+TestTag.swift in Sources */ = {isa = PBXBuildFile; fileRef = F4B58A8B05596B51E7FC1CC4 /* View+TestTag.swift */; };
		B4246E6726A3E6963F8CA85D /* TasksGetIsValidPactTests.swift in Sources */ = {isa = PBXBuildFile; fileRef = B8F88FE3DDF107B6D6114C48 /* TasksGetIsValidPactTests.swift */; };
		C332A0028B03238FFC092C52 /* TaskListViewModelTests.swift in Sources */ = {isa = PBXBuildFile; fileRef = 3CF137A3999AFADE2825E920 /* TaskListViewModelTests.swift */; };
		C3742BD96C32EB16E30C6D1E /* TasksGetAllPactTests.swift in Sources */ = {isa = PBXBuildFile; fileRef = 1783191EBAA39FB100683410 /* TasksGetAllPactTests.swift */; };
		C48D0ACDA78761374A17831A /* Localizable.xcstrings in Resources */ = {isa = PBXBuildFile; fileRef = E6AB315BE67291CBBD66B5AD /* Localizable.xcstrings */; };
		C8A4B5C1E4DDBE6511BF5E35 /* TaskDetailScreenTests.swift in Sources */ = {isa = PBXBuildFile; fileRef = 84C70183E425F1ACCE1D33CD /* TaskDetailScreenTests.swift */; };
		C9C89B617F238F90F73DE458 /* TaskChipsScreenTests.swift in Sources */ = {isa = PBXBuildFile; fileRef = 9E151DAE0A379F1ACAA604FE /* TaskChipsScreenTests.swift */; };
		C9EFBE10885B0E9963347571 /* TasksUpdateDuplicatePactTests.swift in Sources */ = {isa = PBXBuildFile; fileRef = C26810764EB871B8F4BD6788 /* TasksUpdateDuplicatePactTests.swift */; };
		CAA1288EA0AC8DD1DBAFF457 /* DemoNavigationScreenTests.swift in Sources */ = {isa = PBXBuildFile; fileRef = D7F77CE86B2B11420B0468F2 /* DemoNavigationScreenTests.swift */; };
		CB66985A8FEFD58E2AF95107 /* TaskFormViewModelTests.swift in Sources */ = {isa = PBXBuildFile; fileRef = AAD04F51D0B4E20F7632E855 /* TaskFormViewModelTests.swift */; };
		D1D5C4F2CD08503E477B56AC /* TaskFormView.swift in Sources */ = {isa = PBXBuildFile; fileRef = 55D06CBF97003FFFAC8C285B /* TaskFormView.swift */; };
		D25F9F57CE475CAFFE14E8F8 /* LanguageSwitcherScreenTests.swift in Sources */ = {isa = PBXBuildFile; fileRef = B75A5DA4395BE1923C224845 /* LanguageSwitcherScreenTests.swift */; };
		D29537B9C9DE5C4E583B7CBE /* TaskRepositoryTests.swift in Sources */ = {isa = PBXBuildFile; fileRef = D046CA9562050ACE5C513D47 /* TaskRepositoryTests.swift */; };
		D41BA0EF174FBCA5D1A8C9E7 /* TaskLabelsTests.swift in Sources */ = {isa = PBXBuildFile; fileRef = A137A5045BBDCEE54E8CF2E8 /* TaskLabelsTests.swift */; };
		D6B92B6C714C222ADE35A7D5 /* TaskDetailViewModelTests.swift in Sources */ = {isa = PBXBuildFile; fileRef = 6F8327BD9F63145109E95ECC /* TaskDetailViewModelTests.swift */; };
		DD6DE4A9A9B6039565C1E9E4 /* ErrorBodyParserTests.swift in Sources */ = {isa = PBXBuildFile; fileRef = A70B2B382F3CEA6D6775CDB7 /* ErrorBodyParserTests.swift */; };
		DFE2D261B66A99AF155F48FF /* ErrorMessages.swift in Sources */ = {isa = PBXBuildFile; fileRef = 0177F7B73C8B2330ADD3440C /* ErrorMessages.swift */; };
		E7A6BB6D22EEC8DDC4474655 /* EditTaskIntegrationTests.swift in Sources */ = {isa = PBXBuildFile; fileRef = 0CBDCDCC1EB0C72DF0FD2242 /* EditTaskIntegrationTests.swift */; };
		E9690709CAAAF478DCA4A211 /* TaskDetailViewModel.swift in Sources */ = {isa = PBXBuildFile; fileRef = 664CCE4CB55E8C63DCD420C7 /* TaskDetailViewModel.swift */; };
		F058E6729864FBDF42BFD8F3 /* TasksDeletePactTests.swift in Sources */ = {isa = PBXBuildFile; fileRef = 31A9EC93B0CA795BCD05579E /* TasksDeletePactTests.swift */; };
		F1D44A31D398DACAF02193F2 /* TasksCreateDuplicatePactTests.swift in Sources */ = {isa = PBXBuildFile; fileRef = 90C892BFB27ACE7654BEAA24 /* TasksCreateDuplicatePactTests.swift */; };
		F3505E0366D4A9A72BC44B6C /* AsyncTestSupport.swift in Sources */ = {isa = PBXBuildFile; fileRef = 23F0CEBC74BEBEBCD9F42F13 /* AsyncTestSupport.swift */; };
		F45DE3CBF5A923A8FA700E63 /* TaskFormScreenTests.swift in Sources */ = {isa = PBXBuildFile; fileRef = C40DDA00E374C0B3ECE21F4D /* TaskFormScreenTests.swift */; };
/* End PBXBuildFile section */

/* Begin PBXContainerItemProxy section */
		CB714F7248B44D5E80E48AD2 /* PBXContainerItemProxy */ = {
			isa = PBXContainerItemProxy;
			containerPortal = 5533C1BE5094A04FCE853B33 /* Project object */;
			proxyType = 1;
			remoteGlobalIDString = 22478BC664898A9B8DD4D258;
			remoteInfo = Demo;
		};
		E3D0CB53BD877430D68CF897 /* PBXContainerItemProxy */ = {
			isa = PBXContainerItemProxy;
			containerPortal = 5533C1BE5094A04FCE853B33 /* Project object */;
			proxyType = 1;
			remoteGlobalIDString = 22478BC664898A9B8DD4D258;
			remoteInfo = Demo;
		};
		FBBE445734D4DF0D7C983E34 /* PBXContainerItemProxy */ = {
			isa = PBXContainerItemProxy;
			containerPortal = 5533C1BE5094A04FCE853B33 /* Project object */;
			proxyType = 1;
			remoteGlobalIDString = 22478BC664898A9B8DD4D258;
			remoteInfo = Demo;
		};
/* End PBXContainerItemProxy section */

/* Begin PBXFileReference section */
		0146F60841B398D1D4338B8B /* PactFixtures.swift */ = {isa = PBXFileReference; lastKnownFileType = sourcecode.swift; path = PactFixtures.swift; sourceTree = "<group>"; };
		0177F7B73C8B2330ADD3440C /* ErrorMessages.swift */ = {isa = PBXFileReference; lastKnownFileType = sourcecode.swift; path = ErrorMessages.swift; sourceTree = "<group>"; };
		04E35C10F504B4EA22FF7800 /* LanguageIntegrationTests.swift */ = {isa = PBXFileReference; lastKnownFileType = sourcecode.swift; path = LanguageIntegrationTests.swift; sourceTree = "<group>"; };
		05848EA09C6E610DC0CA9681 /* DemoTests.xctest */ = {isa = PBXFileReference; includeInIndex = 0; lastKnownFileType = wrapper.cfbundle; path = DemoTests.xctest; sourceTree = BUILT_PRODUCTS_DIR; };
		0669844B6FF7A66633374DDE /* DemoAppThemeScreenTests.swift */ = {isa = PBXFileReference; lastKnownFileType = sourcecode.swift; path = DemoAppThemeScreenTests.swift; sourceTree = "<group>"; };
		09D060B5744E40389C53854E /* TaskLabels.swift */ = {isa = PBXFileReference; lastKnownFileType = sourcecode.swift; path = TaskLabels.swift; sourceTree = "<group>"; };
		0CBDCDCC1EB0C72DF0FD2242 /* EditTaskIntegrationTests.swift */ = {isa = PBXFileReference; lastKnownFileType = sourcecode.swift; path = EditTaskIntegrationTests.swift; sourceTree = "<group>"; };
		150C9421D81C665360B10424 /* DemoPactTests.xctest */ = {isa = PBXFileReference; includeInIndex = 0; lastKnownFileType = wrapper.cfbundle; path = DemoPactTests.xctest; sourceTree = BUILT_PRODUCTS_DIR; };
		1783191EBAA39FB100683410 /* TasksGetAllPactTests.swift */ = {isa = PBXFileReference; lastKnownFileType = sourcecode.swift; path = TasksGetAllPactTests.swift; sourceTree = "<group>"; };
		18E7D7B6029D54CC05C808D1 /* CreateTaskIntegrationTests.swift */ = {isa = PBXFileReference; lastKnownFileType = sourcecode.swift; path = CreateTaskIntegrationTests.swift; sourceTree = "<group>"; };
		1BCEB2822BF18DB08EC8AA3E /* Assets.xcassets */ = {isa = PBXFileReference; lastKnownFileType = folder.assetcatalog; path = Assets.xcassets; sourceTree = "<group>"; };
		1D9C9AE7FDFE7A8DA62B0799 /* TasksCreatePactTests.swift */ = {isa = PBXFileReference; lastKnownFileType = sourcecode.swift; path = TasksCreatePactTests.swift; sourceTree = "<group>"; };
		1E55B5193B1F0F7E4448F666 /* TaskChips.swift */ = {isa = PBXFileReference; lastKnownFileType = sourcecode.swift; path = TaskChips.swift; sourceTree = "<group>"; };
		22C20589B26B9A841D033ACB /* TaskRepository.swift */ = {isa = PBXFileReference; lastKnownFileType = sourcecode.swift; path = TaskRepository.swift; sourceTree = "<group>"; };
		23F0CEBC74BEBEBCD9F42F13 /* AsyncTestSupport.swift */ = {isa = PBXFileReference; lastKnownFileType = sourcecode.swift; path = AsyncTestSupport.swift; sourceTree = "<group>"; };
		249474590FEC5071309106D7 /* StubURLProtocol.swift */ = {isa = PBXFileReference; lastKnownFileType = sourcecode.swift; path = StubURLProtocol.swift; sourceTree = "<group>"; };
		2E4D85A6A1CD24EBB97E3325 /* AppConfigurationTests.swift */ = {isa = PBXFileReference; lastKnownFileType = sourcecode.swift; path = AppConfigurationTests.swift; sourceTree = "<group>"; };
		31838341638EAF59FE133098 /* TaskStatus.swift */ = {isa = PBXFileReference; lastKnownFileType = sourcecode.swift; path = TaskStatus.swift; sourceTree = "<group>"; };
		31A9EC93B0CA795BCD05579E /* TasksDeletePactTests.swift */ = {isa = PBXFileReference; lastKnownFileType = sourcecode.swift; path = TasksDeletePactTests.swift; sourceTree = "<group>"; };
		31CC40A586D388A0901CF237 /* Release.xcconfig */ = {isa = PBXFileReference; lastKnownFileType = text.xcconfig; path = Release.xcconfig; sourceTree = "<group>"; };
		379FD7D7830309FB443CEEF7 /* TaskDetailIntegrationTests.swift */ = {isa = PBXFileReference; lastKnownFileType = sourcecode.swift; path = TaskDetailIntegrationTests.swift; sourceTree = "<group>"; };
		38E9619280E6953FA8A5A2D0 /* TaskDateFormatter.swift */ = {isa = PBXFileReference; lastKnownFileType = sourcecode.swift; path = TaskDateFormatter.swift; sourceTree = "<group>"; };
		3941138B61C7C0E80BDD6FE0 /* AppLocale.swift */ = {isa = PBXFileReference; lastKnownFileType = sourcecode.swift; path = AppLocale.swift; sourceTree = "<group>"; };
		3CF137A3999AFADE2825E920 /* TaskListViewModelTests.swift */ = {isa = PBXFileReference; lastKnownFileType = sourcecode.swift; path = TaskListViewModelTests.swift; sourceTree = "<group>"; };
		3F0DB5BE610F91A49657E0BC /* IntegrationHarness.swift */ = {isa = PBXFileReference; lastKnownFileType = sourcecode.swift; path = IntegrationHarness.swift; sourceTree = "<group>"; };
		5132F8133401200CA6F816D8 /* ErrorBodyParser.swift */ = {isa = PBXFileReference; lastKnownFileType = sourcecode.swift; path = ErrorBodyParser.swift; sourceTree = "<group>"; };
		549DDED1C696CB3E0BCDB9C9 /* TaskTestContext.swift */ = {isa = PBXFileReference; lastKnownFileType = sourcecode.swift; path = TaskTestContext.swift; sourceTree = "<group>"; };
		55D06CBF97003FFFAC8C285B /* TaskFormView.swift */ = {isa = PBXFileReference; lastKnownFileType = sourcecode.swift; path = TaskFormView.swift; sourceTree = "<group>"; };
		61AC429B6C4173EB17F98DA5 /* TaskAPI.swift */ = {isa = PBXFileReference; lastKnownFileType = sourcecode.swift; path = TaskAPI.swift; sourceTree = "<group>"; };
		664CCE4CB55E8C63DCD420C7 /* TaskDetailViewModel.swift */ = {isa = PBXFileReference; lastKnownFileType = sourcecode.swift; path = TaskDetailViewModel.swift; sourceTree = "<group>"; };
		6F8327BD9F63145109E95ECC /* TaskDetailViewModelTests.swift */ = {isa = PBXFileReference; lastKnownFileType = sourcecode.swift; path = TaskDetailViewModelTests.swift; sourceTree = "<group>"; };
		73B1A3F961CA550DAB984328 /* AppConfiguration.swift */ = {isa = PBXFileReference; lastKnownFileType = sourcecode.swift; path = AppConfiguration.swift; sourceTree = "<group>"; };
		74A1528AE3059C1CA4E15132 /* DemoApp.swift */ = {isa = PBXFileReference; lastKnownFileType = sourcecode.swift; path = DemoApp.swift; sourceTree = "<group>"; };
		758692427D1A1FF6C5B195C4 /* IntegrationMockServer.swift */ = {isa = PBXFileReference; lastKnownFileType = sourcecode.swift; path = IntegrationMockServer.swift; sourceTree = "<group>"; };
		84C70183E425F1ACCE1D33CD /* TaskDetailScreenTests.swift */ = {isa = PBXFileReference; lastKnownFileType = sourcecode.swift; path = TaskDetailScreenTests.swift; sourceTree = "<group>"; };
		882B3C5353FD4C0EC0A790BF /* ScreenTestSupport.swift */ = {isa = PBXFileReference; lastKnownFileType = sourcecode.swift; path = ScreenTestSupport.swift; sourceTree = "<group>"; };
		8E7DCCD15363CB367DF62FD4 /* CreateTaskTest.swift */ = {isa = PBXFileReference; lastKnownFileType = sourcecode.swift; path = CreateTaskTest.swift; sourceTree = "<group>"; };
		90C892BFB27ACE7654BEAA24 /* TasksCreateDuplicatePactTests.swift */ = {isa = PBXFileReference; lastKnownFileType = sourcecode.swift; path = TasksCreateDuplicatePactTests.swift; sourceTree = "<group>"; };
		9707BC8F374585D7C891304D /* DemoUITests.xctest */ = {isa = PBXFileReference; includeInIndex = 0; lastKnownFileType = wrapper.cfbundle; path = DemoUITests.xctest; sourceTree = BUILT_PRODUCTS_DIR; };
		9DAE721BB395B2DD384F13A9 /* AppLocaleTests.swift */ = {isa = PBXFileReference; lastKnownFileType = sourcecode.swift; path = AppLocaleTests.swift; sourceTree = "<group>"; };
		9E151DAE0A379F1ACAA604FE /* TaskChipsScreenTests.swift */ = {isa = PBXFileReference; lastKnownFileType = sourcecode.swift; path = TaskChipsScreenTests.swift; sourceTree = "<group>"; };
		A137A5045BBDCEE54E8CF2E8 /* TaskLabelsTests.swift */ = {isa = PBXFileReference; lastKnownFileType = sourcecode.swift; path = TaskLabelsTests.swift; sourceTree = "<group>"; };
		A4A528544807E019ABB43827 /* TasksUpdatePactTests.swift */ = {isa = PBXFileReference; lastKnownFileType = sourcecode.swift; path = TasksUpdatePactTests.swift; sourceTree = "<group>"; };
		A70B2B382F3CEA6D6775CDB7 /* ErrorBodyParserTests.swift */ = {isa = PBXFileReference; lastKnownFileType = sourcecode.swift; path = ErrorBodyParserTests.swift; sourceTree = "<group>"; };
		AAD04F51D0B4E20F7632E855 /* TaskFormViewModelTests.swift */ = {isa = PBXFileReference; lastKnownFileType = sourcecode.swift; path = TaskFormViewModelTests.swift; sourceTree = "<group>"; };
		AAE19196214A91F4C294DF5A /* TaskListScreenTests.swift */ = {isa = PBXFileReference; lastKnownFileType = sourcecode.swift; path = TaskListScreenTests.swift; sourceTree = "<group>"; };
		AD0BB41A73EAA3680C75C5CB /* LanguageSwitcher.swift */ = {isa = PBXFileReference; lastKnownFileType = sourcecode.swift; path = LanguageSwitcher.swift; sourceTree = "<group>"; };
		AFA2BDF8DAF3E963D73F5EBD /* TaskFormViewModel.swift */ = {isa = PBXFileReference; lastKnownFileType = sourcecode.swift; path = TaskFormViewModel.swift; sourceTree = "<group>"; };
		B1503A23F00061EB2487B855 /* IntegrationFailureCases.swift */ = {isa = PBXFileReference; lastKnownFileType = sourcecode.swift; path = IntegrationFailureCases.swift; sourceTree = "<group>"; };
		B50752D01C4A84988896C270 /* Task.swift */ = {isa = PBXFileReference; lastKnownFileType = sourcecode.swift; path = Task.swift; sourceTree = "<group>"; };
		B6C8BF32D96156CBBF6B766B /* ViewHostingTestSupport.swift */ = {isa = PBXFileReference; lastKnownFileType = sourcecode.swift; path = ViewHostingTestSupport.swift; sourceTree = "<group>"; };
		B75A5DA4395BE1923C224845 /* LanguageSwitcherScreenTests.swift */ = {isa = PBXFileReference; lastKnownFileType = sourcecode.swift; path = LanguageSwitcherScreenTests.swift; sourceTree = "<group>"; };
		B8F88FE3DDF107B6D6114C48 /* TasksGetIsValidPactTests.swift */ = {isa = PBXFileReference; lastKnownFileType = sourcecode.swift; path = TasksGetIsValidPactTests.swift; sourceTree = "<group>"; };
		BBA84E41AF15972D5B6C7DBB /* LanguageOption.swift */ = {isa = PBXFileReference; lastKnownFileType = sourcecode.swift; path = LanguageOption.swift; sourceTree = "<group>"; };
		BCC2A3ED408A6021B67EBBF3 /* TaskListIntegrationTests.swift */ = {isa = PBXFileReference; lastKnownFileType = sourcecode.swift; path = TaskListIntegrationTests.swift; sourceTree = "<group>"; };
		BD20D3505686833346BA9E38 /* TaskListViewModel.swift */ = {isa = PBXFileReference; lastKnownFileType = sourcecode.swift; path = TaskListViewModel.swift; sourceTree = "<group>"; };
		C26810764EB871B8F4BD6788 /* TasksUpdateDuplicatePactTests.swift */ = {isa = PBXFileReference; lastKnownFileType = sourcecode.swift; path = TasksUpdateDuplicatePactTests.swift; sourceTree = "<group>"; };
		C3798E69A7313E8704DD69F3 /* PullToRefreshIntegrationTests.swift */ = {isa = PBXFileReference; lastKnownFileType = sourcecode.swift; path = PullToRefreshIntegrationTests.swift; sourceTree = "<group>"; };
		C40DDA00E374C0B3ECE21F4D /* TaskFormScreenTests.swift */ = {isa = PBXFileReference; lastKnownFileType = sourcecode.swift; path = TaskFormScreenTests.swift; sourceTree = "<group>"; };
		C49591B85651D89F1BB63E84 /* Debug.xcconfig */ = {isa = PBXFileReference; lastKnownFileType = text.xcconfig; path = Debug.xcconfig; sourceTree = "<group>"; };
		C4E4D1EE7954BFE7A0756AF1 /* TasksGetByIdPactTests.swift */ = {isa = PBXFileReference; lastKnownFileType = sourcecode.swift; path = TasksGetByIdPactTests.swift; sourceTree = "<group>"; };
		C802CA8758E08C4578DF5D0D /* TaskDetailView.swift */ = {isa = PBXFileReference; lastKnownFileType = sourcecode.swift; path = TaskDetailView.swift; sourceTree = "<group>"; };
		C9CE69544DF73F8FA8DFE53F /* Theme.swift */ = {isa = PBXFileReference; lastKnownFileType = sourcecode.swift; path = Theme.swift; sourceTree = "<group>"; };
		CA9CED923C088B0D1FBDB477 /* URLSessionTaskAPI.swift */ = {isa = PBXFileReference; lastKnownFileType = sourcecode.swift; path = URLSessionTaskAPI.swift; sourceTree = "<group>"; };
		D046CA9562050ACE5C513D47 /* TaskRepositoryTests.swift */ = {isa = PBXFileReference; lastKnownFileType = sourcecode.swift; path = TaskRepositoryTests.swift; sourceTree = "<group>"; };
		D7F77CE86B2B11420B0468F2 /* DemoNavigationScreenTests.swift */ = {isa = PBXFileReference; lastKnownFileType = sourcecode.swift; path = DemoNavigationScreenTests.swift; sourceTree = "<group>"; };
		DF611CEBBA6D65A5541EA1F7 /* DemoNavigation.swift */ = {isa = PBXFileReference; lastKnownFileType = sourcecode.swift; path = DemoNavigation.swift; sourceTree = "<group>"; };
		E158E1D8DDD5F3DC89B171A3 /* Demo.app */ = {isa = PBXFileReference; includeInIndex = 0; lastKnownFileType = wrapper.application; path = Demo.app; sourceTree = BUILT_PRODUCTS_DIR; };
		E42B7F92FAFA4726360B7E58 /* MainPage.swift */ = {isa = PBXFileReference; lastKnownFileType = sourcecode.swift; path = MainPage.swift; sourceTree = "<group>"; };
		E6AB315BE67291CBBD66B5AD /* Localizable.xcstrings */ = {isa = PBXFileReference; lastKnownFileType = text.json.xcstrings; path = Localizable.xcstrings; sourceTree = "<group>"; };
		E80E23C3AF89E4B770DA5181 /* MockedBackendTestBase.swift */ = {isa = PBXFileReference; lastKnownFileType = sourcecode.swift; path = MockedBackendTestBase.swift; sourceTree = "<group>"; };
		F1062ADEDE635F9265822A53 /* TaskFixtures.swift */ = {isa = PBXFileReference; lastKnownFileType = sourcecode.swift; path = TaskFixtures.swift; sourceTree = "<group>"; };
		F2DBC734B637B4D0FDBE7AEC /* TaskListView.swift */ = {isa = PBXFileReference; lastKnownFileType = sourcecode.swift; path = TaskListView.swift; sourceTree = "<group>"; };
		F4B58A8B05596B51E7FC1CC4 /* View+TestTag.swift */ = {isa = PBXFileReference; lastKnownFileType = sourcecode.swift; path = "View+TestTag.swift"; sourceTree = "<group>"; };
/* End PBXFileReference section */

/* Begin PBXFrameworksBuildPhase section */
		0EC63BD21E7C1F4462130305 /* Frameworks */ = {
			isa = PBXFrameworksBuildPhase;
			buildActionMask = 2147483647;
			files = (
				8BD1FA54D846EBDEF2A49A52 /* ViewInspector in Frameworks */,
			);
			runOnlyForDeploymentPostprocessing = 0;
		};
		862C48BF6EC7BF86AED54C2B /* Frameworks */ = {
			isa = PBXFrameworksBuildPhase;
			buildActionMask = 2147483647;
			files = (
				9A525CCD3A7B4B20FEE2B5CA /* PactSwift in Frameworks */,
			);
			runOnlyForDeploymentPostprocessing = 0;
		};
/* End PBXFrameworksBuildPhase section */

/* Begin PBXGroup section */
		00865758ECF9200F5A45DBA4 /* Testing */ = {
			isa = PBXGroup;
			children = (
				23F0CEBC74BEBEBCD9F42F13 /* AsyncTestSupport.swift */,
				882B3C5353FD4C0EC0A790BF /* ScreenTestSupport.swift */,
				249474590FEC5071309106D7 /* StubURLProtocol.swift */,
				F1062ADEDE635F9265822A53 /* TaskFixtures.swift */,
				B6C8BF32D96156CBBF6B766B /* ViewHostingTestSupport.swift */,
			);
			path = Testing;
			sourceTree = "<group>";
		};
		04B5AA862E93367E82713CCA /* Unit */ = {
			isa = PBXGroup;
			children = (
				2E4D85A6A1CD24EBB97E3325 /* AppConfigurationTests.swift */,
				9DAE721BB395B2DD384F13A9 /* AppLocaleTests.swift */,
				A70B2B382F3CEA6D6775CDB7 /* ErrorBodyParserTests.swift */,
				6F8327BD9F63145109E95ECC /* TaskDetailViewModelTests.swift */,
				AAD04F51D0B4E20F7632E855 /* TaskFormViewModelTests.swift */,
				A137A5045BBDCEE54E8CF2E8 /* TaskLabelsTests.swift */,
				3CF137A3999AFADE2825E920 /* TaskListViewModelTests.swift */,
				D046CA9562050ACE5C513D47 /* TaskRepositoryTests.swift */,
			);
			path = Unit;
			sourceTree = "<group>";
		};
		0FF6C5A5E38C3C9BA7203413 /* TaskDetail */ = {
			isa = PBXGroup;
			children = (
				C802CA8758E08C4578DF5D0D /* TaskDetailView.swift */,
				664CCE4CB55E8C63DCD420C7 /* TaskDetailViewModel.swift */,
			);
			path = TaskDetail;
			sourceTree = "<group>";
		};
		1879C06EDC63C288B77F7014 /* Integration */ = {
			isa = PBXGroup;
			children = (
				231E5414FFB93F170D780A40 /* Context */,
				8C0EAB074F817B91991B7BBF /* Support */,
				18E7D7B6029D54CC05C808D1 /* CreateTaskIntegrationTests.swift */,
				0CBDCDCC1EB0C72DF0FD2242 /* EditTaskIntegrationTests.swift */,
				04E35C10F504B4EA22FF7800 /* LanguageIntegrationTests.swift */,
				C3798E69A7313E8704DD69F3 /* PullToRefreshIntegrationTests.swift */,
				379FD7D7830309FB443CEEF7 /* TaskDetailIntegrationTests.swift */,
				BCC2A3ED408A6021B67EBBF3 /* TaskListIntegrationTests.swift */,
			);
			path = Integration;
			sourceTree = "<group>";
		};
		19C764CCD7F1BF6EBA2BADFC /* Theme */ = {
			isa = PBXGroup;
			children = (
				C9CE69544DF73F8FA8DFE53F /* Theme.swift */,
			);
			path = Theme;
			sourceTree = "<group>";
		};
		231E5414FFB93F170D780A40 /* Context */ = {
			isa = PBXGroup;
			children = (
				549DDED1C696CB3E0BCDB9C9 /* TaskTestContext.swift */,
			);
			path = Context;
			sourceTree = "<group>";
		};
		305DAB23310F1382526626AA /* TaskList */ = {
			isa = PBXGroup;
			children = (
				F2DBC734B637B4D0FDBE7AEC /* TaskListView.swift */,
				BD20D3505686833346BA9E38 /* TaskListViewModel.swift */,
			);
			path = TaskList;
			sourceTree = "<group>";
		};
		36A7F105D9ECA112384453D4 /* Repository */ = {
			isa = PBXGroup;
			children = (
				22C20589B26B9A841D033ACB /* TaskRepository.swift */,
			);
			path = Repository;
			sourceTree = "<group>";
		};
		49E747D093E40319A38D1125 /* DemoTests */ = {
			isa = PBXGroup;
			children = (
				1879C06EDC63C288B77F7014 /* Integration */,
				8D72E258857E6709B648786B /* Screen */,
				00865758ECF9200F5A45DBA4 /* Testing */,
				04B5AA862E93367E82713CCA /* Unit */,
			);
			path = DemoTests;
			sourceTree = "<group>";
		};
		4AAE8F85CBE10AB6536EE7F6 /* DemoUITests */ = {
			isa = PBXGroup;
			children = (
				9FC2C0D9D17407658F9187FE /* Base */,
				8C759B986756A1B974BAB527 /* Interaction */,
				EF64312E1E808850F60A4857 /* Tests */,
			);
			path = DemoUITests;
			sourceTree = "<group>";
		};
		5AD69CD394916C6EDF913474 /* Locale */ = {
			isa = PBXGroup;
			children = (
				3941138B61C7C0E80BDD6FE0 /* AppLocale.swift */,
			);
			path = Locale;
			sourceTree = "<group>";
		};
		6B06B4410FE9CFD82E9902E3 /* Model */ = {
			isa = PBXGroup;
			children = (
				B50752D01C4A84988896C270 /* Task.swift */,
				31838341638EAF59FE133098 /* TaskStatus.swift */,
			);
			path = Model;
			sourceTree = "<group>";
		};
		6E3A0FD54B239FF1F00801F3 /* DemoPactTests */ = {
			isa = PBXGroup;
			children = (
				0146F60841B398D1D4338B8B /* PactFixtures.swift */,
				90C892BFB27ACE7654BEAA24 /* TasksCreateDuplicatePactTests.swift */,
				1D9C9AE7FDFE7A8DA62B0799 /* TasksCreatePactTests.swift */,
				31A9EC93B0CA795BCD05579E /* TasksDeletePactTests.swift */,
				1783191EBAA39FB100683410 /* TasksGetAllPactTests.swift */,
				C4E4D1EE7954BFE7A0756AF1 /* TasksGetByIdPactTests.swift */,
				B8F88FE3DDF107B6D6114C48 /* TasksGetIsValidPactTests.swift */,
				C26810764EB871B8F4BD6788 /* TasksUpdateDuplicatePactTests.swift */,
				A4A528544807E019ABB43827 /* TasksUpdatePactTests.swift */,
			);
			path = DemoPactTests;
			sourceTree = "<group>";
		};
		7B3292694435DA40438E473F /* Config */ = {
			isa = PBXGroup;
			children = (
				C49591B85651D89F1BB63E84 /* Debug.xcconfig */,
				31CC40A586D388A0901CF237 /* Release.xcconfig */,
			);
			path = Config;
			sourceTree = "<group>";
		};
		833906F938566C236A1943EA /* Remote */ = {
			isa = PBXGroup;
			children = (
				5132F8133401200CA6F816D8 /* ErrorBodyParser.swift */,
				61AC429B6C4173EB17F98DA5 /* TaskAPI.swift */,
				CA9CED923C088B0D1FBDB477 /* URLSessionTaskAPI.swift */,
			);
			path = Remote;
			sourceTree = "<group>";
		};
		89EED0D913153940931D2FE8 /* Products */ = {
			isa = PBXGroup;
			children = (
				E158E1D8DDD5F3DC89B171A3 /* Demo.app */,
				150C9421D81C665360B10424 /* DemoPactTests.xctest */,
				05848EA09C6E610DC0CA9681 /* DemoTests.xctest */,
				9707BC8F374585D7C891304D /* DemoUITests.xctest */,
			);
			name = Products;
			sourceTree = "<group>";
		};
		8C0EAB074F817B91991B7BBF /* Support */ = {
			isa = PBXGroup;
			children = (
				B1503A23F00061EB2487B855 /* IntegrationFailureCases.swift */,
				3F0DB5BE610F91A49657E0BC /* IntegrationHarness.swift */,
				758692427D1A1FF6C5B195C4 /* IntegrationMockServer.swift */,
				BBA84E41AF15972D5B6C7DBB /* LanguageOption.swift */,
			);
			path = Support;
			sourceTree = "<group>";
		};
		8C759B986756A1B974BAB527 /* Interaction */ = {
			isa = PBXGroup;
			children = (
				B7BB3DDEA4508BF8F2F4C20E /* Page */,
			);
			path = Interaction;
			sourceTree = "<group>";
		};
		8D72E258857E6709B648786B /* Screen */ = {
			isa = PBXGroup;
			children = (
				0669844B6FF7A66633374DDE /* DemoAppThemeScreenTests.swift */,
				D7F77CE86B2B11420B0468F2 /* DemoNavigationScreenTests.swift */,
				B75A5DA4395BE1923C224845 /* LanguageSwitcherScreenTests.swift */,
				9E151DAE0A379F1ACAA604FE /* TaskChipsScreenTests.swift */,
				84C70183E425F1ACCE1D33CD /* TaskDetailScreenTests.swift */,
				C40DDA00E374C0B3ECE21F4D /* TaskFormScreenTests.swift */,
				AAE19196214A91F4C294DF5A /* TaskListScreenTests.swift */,
			);
			path = Screen;
			sourceTree = "<group>";
		};
		9AD7FE088B17BDF7219824E2 /* Create */ = {
			isa = PBXGroup;
			children = (
				8E7DCCD15363CB367DF62FD4 /* CreateTaskTest.swift */,
			);
			path = Create;
			sourceTree = "<group>";
		};
		9C52C68583A1CA942BFD1F20 /* I18n */ = {
			isa = PBXGroup;
			children = (
				0177F7B73C8B2330ADD3440C /* ErrorMessages.swift */,
				38E9619280E6953FA8A5A2D0 /* TaskDateFormatter.swift */,
				09D060B5744E40389C53854E /* TaskLabels.swift */,
			);
			path = I18n;
			sourceTree = "<group>";
		};
		9FC2C0D9D17407658F9187FE /* Base */ = {
			isa = PBXGroup;
			children = (
				E80E23C3AF89E4B770DA5181 /* MockedBackendTestBase.swift */,
			);
			path = Base;
			sourceTree = "<group>";
		};
		A48081E7E64851EDEFD695BE /* Navigation */ = {
			isa = PBXGroup;
			children = (
				DF611CEBBA6D65A5541EA1F7 /* DemoNavigation.swift */,
			);
			path = Navigation;
			sourceTree = "<group>";
		};
		B7BB3DDEA4508BF8F2F4C20E /* Page */ = {
			isa = PBXGroup;
			children = (
				E42B7F92FAFA4726360B7E58 /* MainPage.swift */,
			);
			path = Page;
			sourceTree = "<group>";
		};
		B95C150A6C8CADBF0ABBBAE5 /* TaskForm */ = {
			isa = PBXGroup;
			children = (
				55D06CBF97003FFFAC8C285B /* TaskFormView.swift */,
				AFA2BDF8DAF3E963D73F5EBD /* TaskFormViewModel.swift */,
			);
			path = TaskForm;
			sourceTree = "<group>";
		};
		BB050DAE759C052107B2170F /* App */ = {
			isa = PBXGroup;
			children = (
				73B1A3F961CA550DAB984328 /* AppConfiguration.swift */,
				74A1528AE3059C1CA4E15132 /* DemoApp.swift */,
			);
			path = App;
			sourceTree = "<group>";
		};
		C8B1C6C3AD1819FCBD711BED /* Data */ = {
			isa = PBXGroup;
			children = (
				6B06B4410FE9CFD82E9902E3 /* Model */,
				833906F938566C236A1943EA /* Remote */,
			);
			path = Data;
			sourceTree = "<group>";
		};
		E3B4D1D5BF2C08ECE550C978 /* Demo */ = {
			isa = PBXGroup;
			children = (
				BB050DAE759C052107B2170F /* App */,
				C8B1C6C3AD1819FCBD711BED /* Data */,
				5AD69CD394916C6EDF913474 /* Locale */,
				36A7F105D9ECA112384453D4 /* Repository */,
				FF0138FA7BDF03489C12158E /* Resources */,
				F676024F979BD14DC60FF6EB /* UI */,
			);
			path = Demo;
			sourceTree = "<group>";
		};
		E5BB6DC2E977B912CC1AF702 = {
			isa = PBXGroup;
			children = (
				7B3292694435DA40438E473F /* Config */,
				E3B4D1D5BF2C08ECE550C978 /* Demo */,
				6E3A0FD54B239FF1F00801F3 /* DemoPactTests */,
				49E747D093E40319A38D1125 /* DemoTests */,
				4AAE8F85CBE10AB6536EE7F6 /* DemoUITests */,
				89EED0D913153940931D2FE8 /* Products */,
			);
			sourceTree = "<group>";
		};
		ED135086195FC474DC99679F /* Components */ = {
			isa = PBXGroup;
			children = (
				AD0BB41A73EAA3680C75C5CB /* LanguageSwitcher.swift */,
				1E55B5193B1F0F7E4448F666 /* TaskChips.swift */,
			);
			path = Components;
			sourceTree = "<group>";
		};
		EF64312E1E808850F60A4857 /* Tests */ = {
			isa = PBXGroup;
			children = (
				9AD7FE088B17BDF7219824E2 /* Create */,
			);
			path = Tests;
			sourceTree = "<group>";
		};
		F676024F979BD14DC60FF6EB /* UI */ = {
			isa = PBXGroup;
			children = (
				ED135086195FC474DC99679F /* Components */,
				FFE55DECEC94449EBEE04016 /* Extensions */,
				9C52C68583A1CA942BFD1F20 /* I18n */,
				A48081E7E64851EDEFD695BE /* Navigation */,
				0FF6C5A5E38C3C9BA7203413 /* TaskDetail */,
				B95C150A6C8CADBF0ABBBAE5 /* TaskForm */,
				305DAB23310F1382526626AA /* TaskList */,
				19C764CCD7F1BF6EBA2BADFC /* Theme */,
			);
			path = UI;
			sourceTree = "<group>";
		};
		FF0138FA7BDF03489C12158E /* Resources */ = {
			isa = PBXGroup;
			children = (
				1BCEB2822BF18DB08EC8AA3E /* Assets.xcassets */,
				E6AB315BE67291CBBD66B5AD /* Localizable.xcstrings */,
			);
			path = Resources;
			sourceTree = "<group>";
		};
		FFE55DECEC94449EBEE04016 /* Extensions */ = {
			isa = PBXGroup;
			children = (
				F4B58A8B05596B51E7FC1CC4 /* View+TestTag.swift */,
			);
			path = Extensions;
			sourceTree = "<group>";
		};
/* End PBXGroup section */

/* Begin PBXNativeTarget section */
		1415EC73182076243A9FCB09 /* DemoTests */ = {
			isa = PBXNativeTarget;
			buildConfigurationList = 8E0CA1D64074AD9FBBB9C41D /* Build configuration list for PBXNativeTarget "DemoTests" */;
			buildPhases = (
				4BF586DEBCDC653FE94FC038 /* Sources */,
				0EC63BD21E7C1F4462130305 /* Frameworks */,
			);
			buildRules = (
			);
			dependencies = (
				2281CFB60D07F99179929EA4 /* PBXTargetDependency */,
			);
			name = DemoTests;
			packageProductDependencies = (
				E9D31B64EBE08402F5129B09 /* ViewInspector */,
			);
			productName = DemoTests;
			productReference = 05848EA09C6E610DC0CA9681 /* DemoTests.xctest */;
			productType = "com.apple.product-type.bundle.unit-test";
		};
		22478BC664898A9B8DD4D258 /* Demo */ = {
			isa = PBXNativeTarget;
			buildConfigurationList = 67F59FA59F734371A2570797 /* Build configuration list for PBXNativeTarget "Demo" */;
			buildPhases = (
				A1DCA12CEE65932D9EECDBA4 /* Sources */,
				8FD56D2DF89AB77E7A1E07F0 /* Resources */,
			);
			buildRules = (
			);
			dependencies = (
			);
			name = Demo;
			packageProductDependencies = (
			);
			productName = Demo;
			productReference = E158E1D8DDD5F3DC89B171A3 /* Demo.app */;
			productType = "com.apple.product-type.application";
		};
		AAB0BAFAE90204A89DF5E37C /* DemoUITests */ = {
			isa = PBXNativeTarget;
			buildConfigurationList = BC5B5AC168397C94CF09AF5A /* Build configuration list for PBXNativeTarget "DemoUITests" */;
			buildPhases = (
				FF20F40AE0F4B663B2A1DCB6 /* Sources */,
			);
			buildRules = (
			);
			dependencies = (
				C9C9DA8D5317801D9466553E /* PBXTargetDependency */,
			);
			name = DemoUITests;
			packageProductDependencies = (
			);
			productName = DemoUITests;
			productReference = 9707BC8F374585D7C891304D /* DemoUITests.xctest */;
			productType = "com.apple.product-type.bundle.ui-testing";
		};
		FCCD9BC244A3FC4BD1960932 /* DemoPactTests */ = {
			isa = PBXNativeTarget;
			buildConfigurationList = 23B3DBE3365429A2F1B87F52 /* Build configuration list for PBXNativeTarget "DemoPactTests" */;
			buildPhases = (
				901AD0E26805F0244A49758A /* Sources */,
				862C48BF6EC7BF86AED54C2B /* Frameworks */,
			);
			buildRules = (
			);
			dependencies = (
				4E00D25E666B247532FEB274 /* PBXTargetDependency */,
			);
			name = DemoPactTests;
			packageProductDependencies = (
				F1267E046A4C0593820AF8D4 /* PactSwift */,
			);
			productName = DemoPactTests;
			productReference = 150C9421D81C665360B10424 /* DemoPactTests.xctest */;
			productType = "com.apple.product-type.bundle.unit-test";
		};
/* End PBXNativeTarget section */

/* Begin PBXProject section */
		5533C1BE5094A04FCE853B33 /* Project object */ = {
			isa = PBXProject;
			attributes = {
				BuildIndependentTargetsInParallel = YES;
				LastUpgradeCheck = 1430;
				TargetAttributes = {
					1415EC73182076243A9FCB09 = {
						DevelopmentTeam = "";
						ProvisioningStyle = Automatic;
					};
					22478BC664898A9B8DD4D258 = {
						DevelopmentTeam = "";
						ProvisioningStyle = Automatic;
					};
					AAB0BAFAE90204A89DF5E37C = {
						DevelopmentTeam = "";
						ProvisioningStyle = Automatic;
						TestTargetID = 22478BC664898A9B8DD4D258;
					};
					FCCD9BC244A3FC4BD1960932 = {
						DevelopmentTeam = "";
						ProvisioningStyle = Automatic;
					};
				};
			};
			buildConfigurationList = 388F02421550F69BF7947B85 /* Build configuration list for PBXProject "Demo" */;
			developmentRegion = en;
			hasScannedForEncodings = 0;
			knownRegions = (
				Base,
				en,
				es,
			);
			mainGroup = E5BB6DC2E977B912CC1AF702;
			minimizedProjectReferenceProxies = 1;
			packageReferences = (
				C54CDC7CCC7CCFDCAB3CED9F /* XCRemoteSwiftPackageReference "PactSwift" */,
				D7C055394FFD589DD42D99A3 /* XCRemoteSwiftPackageReference "ViewInspector" */,
			);
			preferredProjectObjectVersion = 77;
			productRefGroup = 89EED0D913153940931D2FE8 /* Products */;
			projectDirPath = "";
			projectRoot = "";
			targets = (
				22478BC664898A9B8DD4D258 /* Demo */,
				1415EC73182076243A9FCB09 /* DemoTests */,
				FCCD9BC244A3FC4BD1960932 /* DemoPactTests */,
				AAB0BAFAE90204A89DF5E37C /* DemoUITests */,
			);
		};
/* End PBXProject section */

/* Begin PBXResourcesBuildPhase section */
		8FD56D2DF89AB77E7A1E07F0 /* Resources */ = {
			isa = PBXResourcesBuildPhase;
			buildActionMask = 2147483647;
			files = (
				708744A03035236721A802EF /* Assets.xcassets in Resources */,
				C48D0ACDA78761374A17831A /* Localizable.xcstrings in Resources */,
			);
			runOnlyForDeploymentPostprocessing = 0;
		};
/* End PBXResourcesBuildPhase section */

/* Begin PBXSourcesBuildPhase section */
		4BF586DEBCDC653FE94FC038 /* Sources */ = {
			isa = PBXSourcesBuildPhase;
			buildActionMask = 2147483647;
			files = (
				8B78ED9C2954F87C1EA4BBB3 /* AppConfigurationTests.swift in Sources */,
				9861047281C70B9EA9C01655 /* AppLocaleTests.swift in Sources */,
				F3505E0366D4A9A72BC44B6C /* AsyncTestSupport.swift in Sources */,
				7753757C430809509A0CB75A /* CreateTaskIntegrationTests.swift in Sources */,
				A273F2CFC6BF55762E251337 /* DemoAppThemeScreenTests.swift in Sources */,
				CAA1288EA0AC8DD1DBAFF457 /* DemoNavigationScreenTests.swift in Sources */,
				E7A6BB6D22EEC8DDC4474655 /* EditTaskIntegrationTests.swift in Sources */,
				DD6DE4A9A9B6039565C1E9E4 /* ErrorBodyParserTests.swift in Sources */,
				19891F44D73DB01616F65439 /* IntegrationFailureCases.swift in Sources */,
				4546D2EC116A4CB2798D36BA /* IntegrationHarness.swift in Sources */,
				A69127A3AF79FF8143A9F798 /* IntegrationMockServer.swift in Sources */,
				21856EAB74DEC235DEBC6472 /* LanguageIntegrationTests.swift in Sources */,
				A37A9D68B0E204AF793CB5FC /* LanguageOption.swift in Sources */,
				D25F9F57CE475CAFFE14E8F8 /* LanguageSwitcherScreenTests.swift in Sources */,
				326BA1C0AE629E84C0889AA6 /* PullToRefreshIntegrationTests.swift in Sources */,
				15F3B9A80281B787F8D25549 /* ScreenTestSupport.swift in Sources */,
				76A73DB641505268FA250BF8 /* StubURLProtocol.swift in Sources */,
				C9C89B617F238F90F73DE458 /* TaskChipsScreenTests.swift in Sources */,
				0A521E3DE4A39B1296545E03 /* TaskDetailIntegrationTests.swift in Sources */,
				C8A4B5C1E4DDBE6511BF5E35 /* TaskDetailScreenTests.swift in Sources */,
				D6B92B6C714C222ADE35A7D5 /* TaskDetailViewModelTests.swift in Sources */,
				551BFF86FB091911F1F9B249 /* TaskFixtures.swift in Sources */,
				F45DE3CBF5A923A8FA700E63 /* TaskFormScreenTests.swift in Sources */,
				CB66985A8FEFD58E2AF95107 /* TaskFormViewModelTests.swift in Sources */,
				D41BA0EF174FBCA5D1A8C9E7 /* TaskLabelsTests.swift in Sources */,
				A311C20AF06FA515E777BB80 /* TaskListIntegrationTests.swift in Sources */,
				44DBBD1910408CF9F6E43703 /* TaskListScreenTests.swift in Sources */,
				C332A0028B03238FFC092C52 /* TaskListViewModelTests.swift in Sources */,
				D29537B9C9DE5C4E583B7CBE /* TaskRepositoryTests.swift in Sources */,
				3470F29DBC874051F76C02D2 /* TaskTestContext.swift in Sources */,
				1A7AE2FEC19D65F7344D3AA5 /* ViewHostingTestSupport.swift in Sources */,
			);
			runOnlyForDeploymentPostprocessing = 0;
		};
		901AD0E26805F0244A49758A /* Sources */ = {
			isa = PBXSourcesBuildPhase;
			buildActionMask = 2147483647;
			files = (
				B1D6B0D1B90983ACF75337F9 /* PactFixtures.swift in Sources */,
				F1D44A31D398DACAF02193F2 /* TasksCreateDuplicatePactTests.swift in Sources */,
				417693E4BB1289D6485EB54D /* TasksCreatePactTests.swift in Sources */,
				F058E6729864FBDF42BFD8F3 /* TasksDeletePactTests.swift in Sources */,
				C3742BD96C32EB16E30C6D1E /* TasksGetAllPactTests.swift in Sources */,
				A5789D491DD437A2F9598BC9 /* TasksGetByIdPactTests.swift in Sources */,
				B4246E6726A3E6963F8CA85D /* TasksGetIsValidPactTests.swift in Sources */,
				C9EFBE10885B0E9963347571 /* TasksUpdateDuplicatePactTests.swift in Sources */,
				295A675686A879E3EB3EDFD9 /* TasksUpdatePactTests.swift in Sources */,
			);
			runOnlyForDeploymentPostprocessing = 0;
		};
		A1DCA12CEE65932D9EECDBA4 /* Sources */ = {
			isa = PBXSourcesBuildPhase;
			buildActionMask = 2147483647;
			files = (
				68ECFA72AAA76955481D7737 /* AppConfiguration.swift in Sources */,
				0D6BED31794FD3AAE7D79C30 /* AppLocale.swift in Sources */,
				04107C5BD4D88D6EB7AD61B3 /* DemoApp.swift in Sources */,
				7808696AD6A7D6CAC47A8689 /* DemoNavigation.swift in Sources */,
				61F80817F02D5EFA83DC95BB /* ErrorBodyParser.swift in Sources */,
				DFE2D261B66A99AF155F48FF /* ErrorMessages.swift in Sources */,
				538D3B07F4AE707B4868FE79 /* LanguageSwitcher.swift in Sources */,
				A87BA45113185D929285D2EE /* Task.swift in Sources */,
				1C51BFA786354EF791B0F785 /* TaskAPI.swift in Sources */,
				614160E7D5358CC07572DF73 /* TaskChips.swift in Sources */,
				9034F6FF113408E49AEF95F6 /* TaskDateFormatter.swift in Sources */,
				6B8663C008437998289C738E /* TaskDetailView.swift in Sources */,
				E9690709CAAAF478DCA4A211 /* TaskDetailViewModel.swift in Sources */,
				D1D5C4F2CD08503E477B56AC /* TaskFormView.swift in Sources */,
				2A4AA1C3A0F0EDF74312BB7F /* TaskFormViewModel.swift in Sources */,
				5856A505D7DC237B1B14D35E /* TaskLabels.swift in Sources */,
				1E1C0EB4FE01BD958394035A /* TaskListView.swift in Sources */,
				895464CD8ECFFC95FEB31DAD /* TaskListViewModel.swift in Sources */,
				99261BBF1829B521DBFCE72B /* TaskRepository.swift in Sources */,
				1F408A5179352ED9F447B24F /* TaskStatus.swift in Sources */,
				89F999E37CCA4CE6A74920D4 /* Theme.swift in Sources */,
				0CB72A94032130429779FD9D /* URLSessionTaskAPI.swift in Sources */,
				B422EF83905A7533865C0EF3 /* View+TestTag.swift in Sources */,
			);
			runOnlyForDeploymentPostprocessing = 0;
		};
		FF20F40AE0F4B663B2A1DCB6 /* Sources */ = {
			isa = PBXSourcesBuildPhase;
			buildActionMask = 2147483647;
			files = (
				00323EE801E9337CBCF65380 /* CreateTaskTest.swift in Sources */,
				6A28D2646C6CE89EAC0917CE /* MainPage.swift in Sources */,
				7E2D2DEC9F259CC6D7C1A9BF /* MockedBackendTestBase.swift in Sources */,
			);
			runOnlyForDeploymentPostprocessing = 0;
		};
/* End PBXSourcesBuildPhase section */

/* Begin PBXTargetDependency section */
		2281CFB60D07F99179929EA4 /* PBXTargetDependency */ = {
			isa = PBXTargetDependency;
			target = 22478BC664898A9B8DD4D258 /* Demo */;
			targetProxy = FBBE445734D4DF0D7C983E34 /* PBXContainerItemProxy */;
		};
		4E00D25E666B247532FEB274 /* PBXTargetDependency */ = {
			isa = PBXTargetDependency;
			target = 22478BC664898A9B8DD4D258 /* Demo */;
			targetProxy = CB714F7248B44D5E80E48AD2 /* PBXContainerItemProxy */;
		};
		C9C9DA8D5317801D9466553E /* PBXTargetDependency */ = {
			isa = PBXTargetDependency;
			target = 22478BC664898A9B8DD4D258 /* Demo */;
			targetProxy = E3D0CB53BD877430D68CF897 /* PBXContainerItemProxy */;
		};
/* End PBXTargetDependency section */

/* Begin XCBuildConfiguration section */
		056EAC7D7010057EB737A179 /* Debug */ = {
			isa = XCBuildConfiguration;
			buildSettings = {
				BUNDLE_LOADER = "$(TEST_HOST)";
				ENABLE_TESTING_SEARCH_PATHS = YES;
				GENERATE_INFOPLIST_FILE = YES;
				LD_RUNPATH_SEARCH_PATHS = (
					"$(inherited)",
					"@executable_path/Frameworks",
					"@loader_path/Frameworks",
				);
				PRODUCT_BUNDLE_IDENTIFIER = com.example.demo.tests;
				SDKROOT = iphoneos;
				TARGETED_DEVICE_FAMILY = "1,2";
				TEST_HOST = "$(BUILT_PRODUCTS_DIR)/Demo.app/Demo";
			};
			name = Debug;
		};
		1789728DEB86FC8908FFCC03 /* Release */ = {
			isa = XCBuildConfiguration;
			buildSettings = {
				BUNDLE_LOADER = "$(TEST_HOST)";
				GENERATE_INFOPLIST_FILE = YES;
				LD_RUNPATH_SEARCH_PATHS = (
					"$(inherited)",
					"@executable_path/Frameworks",
					"@loader_path/Frameworks",
				);
				PRODUCT_BUNDLE_IDENTIFIER = com.example.demo.uitests;
				SDKROOT = iphoneos;
				TARGETED_DEVICE_FAMILY = "1,2";
				TEST_TARGET_NAME = Demo;
			};
			name = Release;
		};
		1E0D38BE0A23451ACF3D4625 /* Release */ = {
			isa = XCBuildConfiguration;
			buildSettings = {
				ASSETCATALOG_COMPILER_APPICON_NAME = AppIcon;
				CODE_SIGN_IDENTITY = "iPhone Developer";
				CURRENT_PROJECT_VERSION = 1;
				GENERATE_INFOPLIST_FILE = YES;
				INFOPLIST_KEY_APIBaseURL = "$(API_BASE_URL)";
				INFOPLIST_KEY_CFBundleDisplayName = "QA Demo Tasks";
				INFOPLIST_KEY_NSAppTransportSecurity_NSAllowsArbitraryLoads = YES;
				INFOPLIST_KEY_UIApplicationSceneManifest_Generation = YES;
				INFOPLIST_KEY_UILaunchScreen_Generation = YES;
				INFOPLIST_KEY_UISupportedInterfaceOrientations = UIInterfaceOrientationPortrait;
				LD_RUNPATH_SEARCH_PATHS = (
					"$(inherited)",
					"@executable_path/Frameworks",
				);
				MARKETING_VERSION = 1.0;
				OTHER_LDFLAGS = "$(inherited) -ObjC";
				PRODUCT_BUNDLE_IDENTIFIER = com.example.demo;
				SDKROOT = iphoneos;
				TARGETED_DEVICE_FAMILY = "1,2";
			};
			name = Release;
		};
		431C1D0126FDE809DBCC1F6E /* Release */ = {
			isa = XCBuildConfiguration;
			baseConfigurationReference = 31CC40A586D388A0901CF237 /* Release.xcconfig */;
			buildSettings = {
				ALWAYS_SEARCH_USER_PATHS = NO;
				CLANG_ANALYZER_NONNULL = YES;
				CLANG_ANALYZER_NUMBER_OBJECT_CONVERSION = YES_AGGRESSIVE;
				CLANG_CXX_LANGUAGE_STANDARD = "gnu++14";
				CLANG_CXX_LIBRARY = "libc++";
				CLANG_ENABLE_MODULES = YES;
				CLANG_ENABLE_OBJC_ARC = YES;
				CLANG_ENABLE_OBJC_WEAK = YES;
				CLANG_WARN_BLOCK_CAPTURE_AUTORELEASING = YES;
				CLANG_WARN_BOOL_CONVERSION = YES;
				CLANG_WARN_COMMA = YES;
				CLANG_WARN_CONSTANT_CONVERSION = YES;
				CLANG_WARN_DEPRECATED_OBJC_IMPLEMENTATIONS = YES;
				CLANG_WARN_DIRECT_OBJC_ISA_USAGE = YES_ERROR;
				CLANG_WARN_DOCUMENTATION_COMMENTS = YES;
				CLANG_WARN_EMPTY_BODY = YES;
				CLANG_WARN_ENUM_CONVERSION = YES;
				CLANG_WARN_INFINITE_RECURSION = YES;
				CLANG_WARN_INT_CONVERSION = YES;
				CLANG_WARN_NON_LITERAL_NULL_CONVERSION = YES;
				CLANG_WARN_OBJC_IMPLICIT_RETAIN_SELF = YES;
				CLANG_WARN_OBJC_LITERAL_CONVERSION = YES;
				CLANG_WARN_OBJC_ROOT_CLASS = YES_ERROR;
				CLANG_WARN_QUOTED_INCLUDE_IN_FRAMEWORK_HEADER = YES;
				CLANG_WARN_RANGE_LOOP_ANALYSIS = YES;
				CLANG_WARN_STRICT_PROTOTYPES = YES;
				CLANG_WARN_SUSPICIOUS_MOVE = YES;
				CLANG_WARN_UNGUARDED_AVAILABILITY = YES_AGGRESSIVE;
				CLANG_WARN_UNREACHABLE_CODE = YES;
				CLANG_WARN__DUPLICATE_METHOD_MATCH = YES;
				CODE_SIGN_STYLE = Automatic;
				COPY_PHASE_STRIP = NO;
				DEBUG_INFORMATION_FORMAT = "dwarf-with-dsym";
				DEVELOPMENT_TEAM = "";
				ENABLE_NS_ASSERTIONS = NO;
				ENABLE_STRICT_OBJC_MSGSEND = YES;
				GCC_C_LANGUAGE_STANDARD = gnu11;
				GCC_NO_COMMON_BLOCKS = YES;
				GCC_WARN_64_TO_32_BIT_CONVERSION = YES;
				GCC_WARN_ABOUT_RETURN_TYPE = YES_ERROR;
				GCC_WARN_UNDECLARED_SELECTOR = YES;
				GCC_WARN_UNINITIALIZED_AUTOS = YES_AGGRESSIVE;
				GCC_WARN_UNUSED_FUNCTION = YES;
				GCC_WARN_UNUSED_VARIABLE = YES;
				IPHONEOS_DEPLOYMENT_TARGET = 17.0;
				LOCALIZATION_PREFERS_STRING_CATALOGS = YES;
				MTL_ENABLE_DEBUG_INFO = NO;
				MTL_FAST_MATH = YES;
				PRODUCT_NAME = "$(TARGET_NAME)";
				SDKROOT = iphoneos;
				SWIFT_COMPILATION_MODE = wholemodule;
				SWIFT_EMIT_LOC_STRINGS = YES;
				SWIFT_OPTIMIZATION_LEVEL = "-O";
				SWIFT_VERSION = 5.10;
			};
			name = Release;
		};
		553BCFF4DF4A314DE3D572F3 /* Debug */ = {
			isa = XCBuildConfiguration;
			buildSettings = {
				ASSETCATALOG_COMPILER_APPICON_NAME = AppIcon;
				CODE_SIGN_IDENTITY = "iPhone Developer";
				CURRENT_PROJECT_VERSION = 1;
				GENERATE_INFOPLIST_FILE = YES;
				INFOPLIST_KEY_APIBaseURL = "$(API_BASE_URL)";
				INFOPLIST_KEY_CFBundleDisplayName = "QA Demo Tasks";
				INFOPLIST_KEY_NSAppTransportSecurity_NSAllowsArbitraryLoads = YES;
				INFOPLIST_KEY_UIApplicationSceneManifest_Generation = YES;
				INFOPLIST_KEY_UILaunchScreen_Generation = YES;
				INFOPLIST_KEY_UISupportedInterfaceOrientations = UIInterfaceOrientationPortrait;
				LD_RUNPATH_SEARCH_PATHS = (
					"$(inherited)",
					"@executable_path/Frameworks",
				);
				MARKETING_VERSION = 1.0;
				OTHER_LDFLAGS = "$(inherited) -ObjC";
				PRODUCT_BUNDLE_IDENTIFIER = com.example.demo;
				SDKROOT = iphoneos;
				TARGETED_DEVICE_FAMILY = "1,2";
			};
			name = Debug;
		};
		62AFB2A31F6EFF50E06B3169 /* Debug */ = {
			isa = XCBuildConfiguration;
			buildSettings = {
				BUNDLE_LOADER = "$(TEST_HOST)";
				GENERATE_INFOPLIST_FILE = YES;
				LD_RUNPATH_SEARCH_PATHS = (
					"$(inherited)",
					"@executable_path/Frameworks",
					"@loader_path/Frameworks",
				);
				PRODUCT_BUNDLE_IDENTIFIER = com.example.demo.uitests;
				SDKROOT = iphoneos;
				TARGETED_DEVICE_FAMILY = "1,2";
				TEST_TARGET_NAME = Demo;
			};
			name = Debug;
		};
		76F22F9F8EFF9E558750A9FE /* Debug */ = {
			isa = XCBuildConfiguration;
			baseConfigurationReference = C49591B85651D89F1BB63E84 /* Debug.xcconfig */;
			buildSettings = {
				ALWAYS_SEARCH_USER_PATHS = NO;
				CLANG_ANALYZER_NONNULL = YES;
				CLANG_ANALYZER_NUMBER_OBJECT_CONVERSION = YES_AGGRESSIVE;
				CLANG_CXX_LANGUAGE_STANDARD = "gnu++14";
				CLANG_CXX_LIBRARY = "libc++";
				CLANG_ENABLE_MODULES = YES;
				CLANG_ENABLE_OBJC_ARC = YES;
				CLANG_ENABLE_OBJC_WEAK = YES;
				CLANG_WARN_BLOCK_CAPTURE_AUTORELEASING = YES;
				CLANG_WARN_BOOL_CONVERSION = YES;
				CLANG_WARN_COMMA = YES;
				CLANG_WARN_CONSTANT_CONVERSION = YES;
				CLANG_WARN_DEPRECATED_OBJC_IMPLEMENTATIONS = YES;
				CLANG_WARN_DIRECT_OBJC_ISA_USAGE = YES_ERROR;
				CLANG_WARN_DOCUMENTATION_COMMENTS = YES;
				CLANG_WARN_EMPTY_BODY = YES;
				CLANG_WARN_ENUM_CONVERSION = YES;
				CLANG_WARN_INFINITE_RECURSION = YES;
				CLANG_WARN_INT_CONVERSION = YES;
				CLANG_WARN_NON_LITERAL_NULL_CONVERSION = YES;
				CLANG_WARN_OBJC_IMPLICIT_RETAIN_SELF = YES;
				CLANG_WARN_OBJC_LITERAL_CONVERSION = YES;
				CLANG_WARN_OBJC_ROOT_CLASS = YES_ERROR;
				CLANG_WARN_QUOTED_INCLUDE_IN_FRAMEWORK_HEADER = YES;
				CLANG_WARN_RANGE_LOOP_ANALYSIS = YES;
				CLANG_WARN_STRICT_PROTOTYPES = YES;
				CLANG_WARN_SUSPICIOUS_MOVE = YES;
				CLANG_WARN_UNGUARDED_AVAILABILITY = YES_AGGRESSIVE;
				CLANG_WARN_UNREACHABLE_CODE = YES;
				CLANG_WARN__DUPLICATE_METHOD_MATCH = YES;
				CODE_SIGN_STYLE = Automatic;
				COPY_PHASE_STRIP = NO;
				DEBUG_INFORMATION_FORMAT = dwarf;
				DEVELOPMENT_TEAM = "";
				ENABLE_STRICT_OBJC_MSGSEND = YES;
				ENABLE_TESTABILITY = YES;
				GCC_C_LANGUAGE_STANDARD = gnu11;
				GCC_DYNAMIC_NO_PIC = NO;
				GCC_NO_COMMON_BLOCKS = YES;
				GCC_OPTIMIZATION_LEVEL = 0;
				GCC_PREPROCESSOR_DEFINITIONS = (
					"$(inherited)",
					"DEBUG=1",
				);
				GCC_WARN_64_TO_32_BIT_CONVERSION = YES;
				GCC_WARN_ABOUT_RETURN_TYPE = YES_ERROR;
				GCC_WARN_UNDECLARED_SELECTOR = YES;
				GCC_WARN_UNINITIALIZED_AUTOS = YES_AGGRESSIVE;
				GCC_WARN_UNUSED_FUNCTION = YES;
				GCC_WARN_UNUSED_VARIABLE = YES;
				IPHONEOS_DEPLOYMENT_TARGET = 17.0;
				LOCALIZATION_PREFERS_STRING_CATALOGS = YES;
				MTL_ENABLE_DEBUG_INFO = INCLUDE_SOURCE;
				MTL_FAST_MATH = YES;
				ONLY_ACTIVE_ARCH = YES;
				PRODUCT_NAME = "$(TARGET_NAME)";
				SDKROOT = iphoneos;
				SWIFT_ACTIVE_COMPILATION_CONDITIONS = DEBUG;
				SWIFT_EMIT_LOC_STRINGS = YES;
				SWIFT_OPTIMIZATION_LEVEL = "-Onone";
				SWIFT_VERSION = 5.10;
			};
			name = Debug;
		};
		8FF18D672E608BFD558FA43E /* Release */ = {
			isa = XCBuildConfiguration;
			buildSettings = {
				BUNDLE_LOADER = "$(TEST_HOST)";
				ENABLE_TESTING_SEARCH_PATHS = YES;
				GENERATE_INFOPLIST_FILE = YES;
				LD_RUNPATH_SEARCH_PATHS = (
					"$(inherited)",
					"@executable_path/Frameworks",
					"@loader_path/Frameworks",
				);
				PRODUCT_BUNDLE_IDENTIFIER = com.example.demo.pacttests;
				SDKROOT = iphoneos;
				TARGETED_DEVICE_FAMILY = "1,2";
				TEST_HOST = "$(BUILT_PRODUCTS_DIR)/Demo.app/Demo";
			};
			name = Release;
		};
		C152AF58F27A05DF0D7DF19F /* Debug */ = {
			isa = XCBuildConfiguration;
			buildSettings = {
				BUNDLE_LOADER = "$(TEST_HOST)";
				ENABLE_TESTING_SEARCH_PATHS = YES;
				GENERATE_INFOPLIST_FILE = YES;
				LD_RUNPATH_SEARCH_PATHS = (
					"$(inherited)",
					"@executable_path/Frameworks",
					"@loader_path/Frameworks",
				);
				PRODUCT_BUNDLE_IDENTIFIER = com.example.demo.pacttests;
				SDKROOT = iphoneos;
				TARGETED_DEVICE_FAMILY = "1,2";
				TEST_HOST = "$(BUILT_PRODUCTS_DIR)/Demo.app/Demo";
			};
			name = Debug;
		};
		F9CA431419A4C6B9613855E4 /* Release */ = {
			isa = XCBuildConfiguration;
			buildSettings = {
				BUNDLE_LOADER = "$(TEST_HOST)";
				ENABLE_TESTING_SEARCH_PATHS = YES;
				GENERATE_INFOPLIST_FILE = YES;
				LD_RUNPATH_SEARCH_PATHS = (
					"$(inherited)",
					"@executable_path/Frameworks",
					"@loader_path/Frameworks",
				);
				PRODUCT_BUNDLE_IDENTIFIER = com.example.demo.tests;
				SDKROOT = iphoneos;
				TARGETED_DEVICE_FAMILY = "1,2";
				TEST_HOST = "$(BUILT_PRODUCTS_DIR)/Demo.app/Demo";
			};
			name = Release;
		};
/* End XCBuildConfiguration section */

/* Begin XCConfigurationList section */
		23B3DBE3365429A2F1B87F52 /* Build configuration list for PBXNativeTarget "DemoPactTests" */ = {
			isa = XCConfigurationList;
			buildConfigurations = (
				C152AF58F27A05DF0D7DF19F /* Debug */,
				8FF18D672E608BFD558FA43E /* Release */,
			);
			defaultConfigurationIsVisible = 0;
			defaultConfigurationName = Debug;
		};
		388F02421550F69BF7947B85 /* Build configuration list for PBXProject "Demo" */ = {
			isa = XCConfigurationList;
			buildConfigurations = (
				76F22F9F8EFF9E558750A9FE /* Debug */,
				431C1D0126FDE809DBCC1F6E /* Release */,
			);
			defaultConfigurationIsVisible = 0;
			defaultConfigurationName = Debug;
		};
		67F59FA59F734371A2570797 /* Build configuration list for PBXNativeTarget "Demo" */ = {
			isa = XCConfigurationList;
			buildConfigurations = (
				553BCFF4DF4A314DE3D572F3 /* Debug */,
				1E0D38BE0A23451ACF3D4625 /* Release */,
			);
			defaultConfigurationIsVisible = 0;
			defaultConfigurationName = Debug;
		};
		8E0CA1D64074AD9FBBB9C41D /* Build configuration list for PBXNativeTarget "DemoTests" */ = {
			isa = XCConfigurationList;
			buildConfigurations = (
				056EAC7D7010057EB737A179 /* Debug */,
				F9CA431419A4C6B9613855E4 /* Release */,
			);
			defaultConfigurationIsVisible = 0;
			defaultConfigurationName = Debug;
		};
		BC5B5AC168397C94CF09AF5A /* Build configuration list for PBXNativeTarget "DemoUITests" */ = {
			isa = XCConfigurationList;
			buildConfigurations = (
				62AFB2A31F6EFF50E06B3169 /* Debug */,
				1789728DEB86FC8908FFCC03 /* Release */,
			);
			defaultConfigurationIsVisible = 0;
			defaultConfigurationName = Debug;
		};
/* End XCConfigurationList section */

/* Begin XCRemoteSwiftPackageReference section */
		C54CDC7CCC7CCFDCAB3CED9F /* XCRemoteSwiftPackageReference "PactSwift" */ = {
			isa = XCRemoteSwiftPackageReference;
			repositoryURL = "https://github.com/surpher/PactSwift";
			requirement = {
				branch = main;
				kind = branch;
			};
		};
		D7C055394FFD589DD42D99A3 /* XCRemoteSwiftPackageReference "ViewInspector" */ = {
			isa = XCRemoteSwiftPackageReference;
			repositoryURL = "https://github.com/nalexn/ViewInspector";
			requirement = {
				kind = upToNextMajorVersion;
				minimumVersion = 0.10.2;
			};
		};
/* End XCRemoteSwiftPackageReference section */

/* Begin XCSwiftPackageProductDependency section */
		E9D31B64EBE08402F5129B09 /* ViewInspector */ = {
			isa = XCSwiftPackageProductDependency;
			package = D7C055394FFD589DD42D99A3 /* XCRemoteSwiftPackageReference "ViewInspector" */;
			productName = ViewInspector;
		};
		F1267E046A4C0593820AF8D4 /* PactSwift */ = {
			isa = XCSwiftPackageProductDependency;
			package = C54CDC7CCC7CCFDCAB3CED9F /* XCRemoteSwiftPackageReference "PactSwift" */;
			productName = PactSwift;
		};
/* End XCSwiftPackageProductDependency section */
	};
	rootObject = 5533C1BE5094A04FCE853B33 /* Project object */;
}
